
Microsoft Visual Studio Solution File, Format Version 12.00
# Visual Studio Version 16
VisualStudioVersion = 16.0.30413.136
MinimumVisualStudioVersion = 10.0.40219.1
Project("{FAE04EC0-301F-11D3-BF4B-00C04F79EFBC}") = "Week2", "Week2\Week2.csproj", "{29E4E4C3-651E-484D-8DC1-742ECA6AD331}"
EndProject
Global
	GlobalSection(SolutionConfigurationPlatforms) = preSolution
		Debug|Any CPU = Debug|Any CPU
		Release|Any CPU = Release|Any CPU
	EndGlobalSection
	GlobalSection(ProjectConfigurationPlatforms) = postSolution
		{29E4E4C3-651E-484D-8DC1-742ECA6AD331}.Debug|Any CPU.ActiveCfg = Debug|Any CPU
		{29E4E4C3-651E-484D-8DC1-742ECA6AD331}.Debug|Any CPU.Build.0 = Debug|Any CPU
		{29E4E4C3-651E-484D-8DC1-742ECA6AD331}.Release|Any CPU.ActiveCfg = Release|Any CPU
		{29E4E4C3-651E-484D-8DC1-742ECA6AD331}.Release|Any CPU.Build.0 = Release|Any CPU
	EndGlobalSection
	GlobalSection(SolutionProperties) = preSolution
		HideSolutionNode = FALSE
	EndGlobalSection
	GlobalSection(ExtensibilityGlobals) = postSolution
		SolutionGuid = {33AA834B-CDC3-43BD-B9F0-0148451E465D}
	EndGlobalSection
EndGlobal
